
Microsoft Visual Studio Solution File, Format Version 12.00
# Visual Studio Version 16
VisualStudioVersion = 16.0.30114.128
MinimumVisualStudioVersion = 10.0.40219.1
Project("{FAE04EC0-301F-11D3-BF4B-00C04F79EFBC}") = "CovProxy.UWP", "CovProxy\CovProxy.UWP\CovProxy.UWP.csproj", "{9E9F09BB-8917-48B9-9412-D5B3354DF409}"
EndProject
Project("{FAE04EC0-301F-11D3-BF4B-00C04F79EFBC}") = "CovProxy.Android", "CovProxy\CovProxy.Android\CovProxy.Android.csproj", "{303DD1DB-0042-4586-B098-DB748F4EBC5C}"
EndProject
Project("{FAE04EC0-301F-11D3-BF4B-00C04F79EFBC}") = "CovProxy.iOS", "CovProxy\CovProxy.iOS\CovProxy.iOS.csproj", "{9C5989FC-5F68-4ED5-928D-42CB18850008}"
EndProject
Project("{FAE04EC0-301F-11D3-BF4B-00C04F79EFBC}") = "CovProxy", "CovProxy\CovProxy\CovProxy.csproj", "{CD516C92-059F-42FE-A6A3-2FB151AEF59B}"
EndProject
Global
	GlobalSection(SolutionConfigurationPlatforms) = preSolution
		Debug|Any CPU = Debug|Any CPU
		Debug|ARM = Debug|ARM
		Debug|iPhone = Debug|iPhone
		Debug|iPhoneSimulator = Debug|iPhoneSimulator
		Debug|x64 = Debug|x64
		Debug|x86 = Debug|x86
		Release|Any CPU = Release|Any CPU
		Release|ARM = Release|ARM
		Release|iPhone = Release|iPhone
		Release|iPhoneSimulator = Release|iPhoneSimulator
		Release|x64 = Release|x64
		Release|x86 = Release|x86
	EndGlobalSection
	GlobalSection(ProjectConfigurationPlatforms) = postSolution
		{9E9F09BB-8917-48B9-9412-D5B3354DF409}.Debug|Any CPU.ActiveCfg = Debug|x86
		{9E9F09BB-8917-48B9-9412-D5B3354DF409}.Debug|Any CPU.Build.0 = Debug|x86
		{9E9F09BB-8917-48B9-9412-D5B3354DF409}.Debug|Any CPU.Deploy.0 = Debug|x86
		{9E9F09BB-8917-48B9-9412-D5B3354DF409}.Debug|ARM.ActiveCfg = Debug|ARM
		{9E9F09BB-8917-48B9-9412-D5B3354DF409}.Debug|ARM.Build.0 = Debug|ARM
		{9E9F09BB-8917-48B9-9412-D5B3354DF409}.Debug|ARM.Deploy.0 = Debug|ARM
		{9E9F09BB-8917-48B9-9412-D5B3354DF409}.Debug|iPhone.ActiveCfg = Debug|x86
		{9E9F09BB-8917-48B9-9412-D5B3354DF409}.Debug|iPhone.Build.0 = Debug|x86
		{9E9F09BB-8917-48B9-9412-D5B3354DF409}.Debug|iPhone.Deploy.0 = Debug|x86
		{9E9F09BB-8917-48B9-9412-D5B3354DF409}.Debug|iPhoneSimulator.ActiveCfg = Debug|x86
		{9E9F09BB-8917-48B9-9412-D5B3354DF409}.Debug|iPhoneSimulator.Build.0 = Debug|x86
		{9E9F09BB-8917-48B9-9412-D5B3354DF409}.Debug|iPhoneSimulator.Deploy.0 = Debug|x86
		{9E9F09BB-8917-48B9-9412-D5B3354DF409}.Debug|x64.ActiveCfg = Debug|x64
		{9E9F09BB-8917-48B9-9412-D5B3354DF409}.Debug|x64.Build.0 = Debug|x64
		{9E9F09BB-8917-48B9-9412-D5B3354DF409}.Debug|x64.Deploy.0 = Debug|x64
		{9E9F09BB-8917-48B9-9412-D5B3354DF409}.Debug|x86.ActiveCfg = Debug|x86
		{9E9F09BB-8917-48B9-9412-D5B3354DF409}.Debug|x86.Build.0 = Debug|x86
		{9E9F09BB-8917-48B9-9412-D5B3354DF409}.Debug|x86.Deploy.0 = Debug|x86
		{9E9F09BB-8917-48B9-9412-D5B3354DF409}.Release|Any CPU.ActiveCfg = Release|x86
		{9E9F09BB-8917-48B9-9412-D5B3354DF409}.Release|Any CPU.Build.0 = Release|x86
		{9E9F09BB-8917-48B9-9412-D5B3354DF409}.Release|Any CPU.Deploy.0 = Release|x86
		{9E9F09BB-8917-48B9-9412-D5B3354DF409}.Release|ARM.ActiveCfg = Release|ARM
		{9E9F09BB-8917-48B9-9412-D5B3354DF409}.Release|ARM.Build.0 = Release|ARM
		{9E9F09BB-8917-48B9-9412-D5B3354DF409}.Release|ARM.Deploy.0 = Release|ARM
		{9E9F09BB-8917-48B9-9412-D5B3354DF409}.Release|iPhone.ActiveCfg = Release|x86
		{9E9F09BB-8917-48B9-9412-D5B3354DF409}.Release|iPhone.Build.0 = Release|x86
		{9E9F09BB-8917-48B9-9412-D5B3354DF409}.Release|iPhone.Deploy.0 = Release|x86
		{9E9F09BB-8917-48B9-9412-D5B3354DF409}.Release|iPhoneSimulator.ActiveCfg = Release|x86
		{9E9F09BB-8917-48B9-9412-D5B3354DF409}.Release|iPhoneSimulator.Build.0 = Release|x86
		{9E9F09BB-8917-48B9-9412-D5B3354DF409}.Release|iPhoneSimulator.Deploy.0 = Release|x86
		{9E9F09BB-8917-48B9-9412-D5B3354DF409}.Release|x64.ActiveCfg = Release|x64
		{9E9F09BB-8917-48B9-9412-D5B3354DF409}.Release|x64.Build.0 = Release|x64
		{9E9F09BB-8917-48B9-9412-D5B3354DF409}.Release|x64.Deploy.0 = Release|x64
		{9E9F09BB-8917-48B9-9412-D5B3354DF409}.Release|x86.ActiveCfg = Release|x86
		{9E9F09BB-8917-48B9-9412-D5B3354DF409}.Release|x86.Build.0 = Release|x86
		{9E9F09BB-8917-48B9-9412-D5B3354DF409}.Release|x86.Deploy.0 = Release|x86
		{303DD1DB-0042-4586-B098-DB748F4EBC5C}.Debug|Any CPU.ActiveCfg = Debug|Any CPU
		{303DD1DB-0042-4586-B098-DB748F4EBC5C}.Debug|Any CPU.Build.0 = Debug|Any CPU
		{303DD1DB-0042-4586-B098-DB748F4EBC5C}.Debug|Any CPU.Deploy.0 = Debug|Any CPU
		{303DD1DB-0042-4586-B098-DB748F4EBC5C}.Debug|ARM.ActiveCfg = Debug|Any CPU
		{303DD1DB-0042-4586-B098-DB748F4EBC5C}.Debug|ARM.Build.0 = Debug|Any CPU
		{303DD1DB-0042-4586-B098-DB748F4EBC5C}.Debug|ARM.Deploy.0 = Debug|Any CPU
		{303DD1DB-0042-4586-B098-DB748F4EBC5C}.Debug|iPhone.ActiveCfg = Debug|Any CPU
		{303DD1DB-0042-4586-B098-DB748F4EBC5C}.Debug|iPhone.Build.0 = Debug|Any CPU
		{303DD1DB-0042-4586-B098-DB748F4EBC5C}.Debug|iPhone.Deploy.0 = Debug|Any CPU
		{303DD1DB-0042-4586-B098-DB748F4EBC5C}.Debug|iPhoneSimulator.ActiveCfg = Debug|Any CPU
		{303DD1DB-0042-4586-B098-DB748F4EBC5C}.Debug|iPhoneSimulator.Build.0 = Debug|Any CPU
		{303DD1DB-0042-4586-B098-DB748F4EBC5C}.Debug|iPhoneSimulator.Deploy.0 = Debug|Any CPU
		{303DD1DB-0042-4586-B098-DB748F4EBC5C}.Debug|x64.ActiveCfg = Debug|Any CPU
		{303DD1DB-0042-4586-B098-DB748F4EBC5C}.Debug|x64.Build.0 = Debug|Any CPU
		{303DD1DB-0042-4586-B098-DB748F4EBC5C}.Debug|x64.Deploy.0 = Debug|Any CPU
		{303DD1DB-0042-4586-B098-DB748F4EBC5C}.Debug|x86.ActiveCfg = Debug|Any CPU
		{303DD1DB-0042-4586-B098-DB748F4EBC5C}.Debug|x86.Build.0 = Debug|Any CPU
		{303DD1DB-0042-4586-B098-DB748F4EBC5C}.Debug|x86.Deploy.0 = Debug|Any CPU
		{303DD1DB-0042-4586-B098-DB748F4EBC5C}.Release|Any CPU.ActiveCfg = Release|Any CPU
		{303DD1DB-0042-4586-B098-DB748F4EBC5C}.Release|Any CPU.Build.0 = Release|Any CPU
		{303DD1DB-0042-4586-B098-DB748F4EBC5C}.Release|Any CPU.Deploy.0 = Release|Any CPU
		{303DD1DB-0042-4586-B098-DB748F4EBC5C}.Release|ARM.ActiveCfg = Release|Any CPU
		{303DD1DB-0042-4586-B098-DB748F4EBC5C}.Release|ARM.Build.0 = Release|Any CPU
		{303DD1DB-0042-4586-B098-DB748F4EBC5C}.Release|ARM.Deploy.0 = Release|Any CPU
		{303DD1DB-0042-4586-B098-DB748F4EBC5C}.Release|iPhone.ActiveCfg = Release|Any CPU
		{303DD1DB-0042-4586-B098-DB748F4EBC5C}.Release|iPhone.Build.0 = Release|Any CPU
		{303DD1DB-0042-4586-B098-DB748F4EBC5C}.Release|iPhone.Deploy.0 = Release|Any CPU
		{303DD1DB-0042-4586-B098-DB748F4EBC5C}.Release|iPhoneSimulator.ActiveCfg = Release|Any CPU
		{303DD1DB-0042-4586-B098-DB748F4EBC5C}.Release|iPhoneSimulator.Build.0 = Release|Any CPU
		{303DD1DB-0042-4586-B098-DB748F4EBC5C}.Release|iPhoneSimulator.Deploy.0 = Release|Any CPU
		{303DD1DB-0042-4586-B098-DB748F4EBC5C}.Release|x64.ActiveCfg = Release|Any CPU
		{303DD1DB-0042-4586-B098-DB748F4EBC5C}.Release|x64.Build.0 = Release|Any CPU
		{303DD1DB-0042-4586-B098-DB748F4EBC5C}.Release|x64.Deploy.0 = Release|Any CPU
		{303DD1DB-0042-4586-B098-DB748F4EBC5C}.Release|x86.ActiveCfg = Release|Any CPU
		{303DD1DB-0042-4586-B098-DB748F4EBC5C}.Release|x86.Build.0 = Release|Any CPU
		{303DD1DB-0042-4586-B098-DB748F4EBC5C}.Release|x86.Deploy.0 = Release|Any CPU
		{9C5989FC-5F68-4ED5-928D-42CB18850008}.Debug|Any CPU.ActiveCfg = Debug|iPhone
		{9C5989FC-5F68-4ED5-928D-42CB18850008}.Debug|Any CPU.Build.0 = Debug|iPhone
		{9C5989FC-5F68-4ED5-928D-42CB18850008}.Debug|Any CPU.Deploy.0 = Debug|iPhone
		{9C5989FC-5F68-4ED5-928D-42CB18850008}.Debug|ARM.ActiveCfg = Debug|iPhone
		{9C5989FC-5F68-4ED5-928D-42CB18850008}.Debug|ARM.Build.0 = Debug|iPhone
		{9C5989FC-5F68-4ED5-928D-42CB18850008}.Debug|ARM.Deploy.0 = Debug|iPhone
		{9C5989FC-5F68-4ED5-928D-42CB18850008}.Debug|iPhone.ActiveCfg = Debug|iPhone
		{9C5989FC-5F68-4ED5-928D-42CB18850008}.Debug|iPhone.Build.0 = Debug|iPhone
		{9C5989FC-5F68-4ED5-928D-42CB18850008}.Debug|iPhone.Deploy.0 = Debug|iPhone
		{9C5989FC-5F68-4ED5-928D-42CB18850008}.Debug|iPhoneSimulator.ActiveCfg = Debug|iPhoneSimulator
		{9C5989FC-5F68-4ED5-928D-42CB18850008}.Debug|iPhoneSimulator.Build.0 = Debug|iPhoneSimulator
		{9C5989FC-5F68-4ED5-928D-42CB18850008}.Debug|iPhoneSimulator.Deploy.0 = Debug|iPhoneSimulator
		{9C5989FC-5F68-4ED5-928D-42CB18850008}.Debug|x64.ActiveCfg = Debug|iPhone
		{9C5989FC-5F68-4ED5-928D-42CB18850008}.Debug|x64.Build.0 = Debug|iPhone
		{9C5989FC-5F68-4ED5-928D-42CB18850008}.Debug|x64.Deploy.0 = Debug|iPhone
		{9C5989FC-5F68-4ED5-928D-42CB18850008}.Debug|x86.ActiveCfg = Debug|iPhone
		{9C5989FC-5F68-4ED5-928D-42CB18850008}.Debug|x86.Build.0 = Debug|iPhone
		{9C5989FC-5F68-4ED5-928D-42CB18850008}.Debug|x86.Deploy.0 = Debug|iPhone
		{9C5989FC-5F68-4ED5-928D-42CB18850008}.Release|Any CPU.ActiveCfg = Release|iPhone
		{9C5989FC-5F68-4ED5-928D-42CB18850008}.Release|Any CPU.Build.0 = Release|iPhone
		{9C5989FC-5F68-4ED5-928D-42CB18850008}.Release|Any CPU.Deploy.0 = Release|iPhone
		{9C5989FC-5F68-4ED5-928D-42CB18850008}.Release|ARM.ActiveCfg = Release|iPhone
		{9C5989FC-5F68-4ED5-928D-42CB18850008}.Release|ARM.Build.0 = Release|iPhone
		{9C5989FC-5F68-4ED5-928D-42CB18850008}.Release|ARM.Deploy.0 = Release|iPhone
		{9C5989FC-5F68-4ED5-928D-42CB18850008}.Release|iPhone.ActiveCfg = Release|iPhone
		{9C5989FC-5F68-4ED5-928D-42CB18850008}.Release|iPhone.Build.0 = Release|iPhone
		{9C5989FC-5F68-4ED5-928D-42CB18850008}.Release|iPhone.Deploy.0 = Release|iPhone
		{9C5989FC-5F68-4ED5-928D-42CB18850008}.Release|iPhoneSimulator.ActiveCfg = Release|iPhoneSimulator
		{9C5989FC-5F68-4ED5-928D-42CB18850008}.Release|iPhoneSimulator.Build.0 = Release|iPhoneSimulator
		{9C5989FC-5F68-4ED5-928D-42CB18850008}.Release|iPhoneSimulator.Deploy.0 = Release|iPhoneSimulator
		{9C5989FC-5F68-4ED5-928D-42CB18850008}.Release|x64.ActiveCfg = Release|iPhone
		{9C5989FC-5F68-4ED5-928D-42CB18850008}.Release|x64.Build.0 = Release|iPhone
		{9C5989FC-5F68-4ED5-928D-42CB18850008}.Release|x64.Deploy.0 = Release|iPhone
		{9C5989FC-5F68-4ED5-928D-42CB18850008}.Release|x86.ActiveCfg = Release|iPhone
		{9C5989FC-5F68-4ED5-928D-42CB18850008}.Release|x86.Build.0 = Release|iPhone
		{9C5989FC-5F68-4ED5-928D-42CB18850008}.Release|x86.Deploy.0 = Release|iPhone
		{CD516C92-059F-42FE-A6A3-2FB151AEF59B}.Debug|Any CPU.ActiveCfg = Debug|Any CPU
		{CD516C92-059F-42FE-A6A3-2FB151AEF59B}.Debug|Any CPU.Build.0 = Debug|Any CPU
		{CD516C92-059F-42FE-A6A3-2FB151AEF59B}.Debug|Any CPU.Deploy.0 = Debug|Any CPU
		{CD516C92-059F-42FE-A6A3-2FB151AEF59B}.Debug|ARM.ActiveCfg = Debug|Any CPU
		{CD516C92-059F-42FE-A6A3-2FB151AEF59B}.Debug|ARM.Build.0 = Debug|Any CPU
		{CD516C92-059F-42FE-A6A3-2FB151AEF59B}.Debug|ARM.Deploy.0 = Debug|Any CPU
		{CD516C92-059F-42FE-A6A3-2FB151AEF59B}.Debug|iPhone.ActiveCfg = Debug|Any CPU
		{CD516C92-059F-42FE-A6A3-2FB151AEF59B}.Debug|iPhone.Build.0 = Debug|Any CPU
		{CD516C92-059F-42FE-A6A3-2FB151AEF59B}.Debug|iPhone.Deploy.0 = Debug|Any CPU
		{CD516C92-059F-42FE-A6A3-2FB151AEF59B}.Debug|iPhoneSimulator.ActiveCfg = Debug|Any CPU
		{CD516C92-059F-42FE-A6A3-2FB151AEF59B}.Debug|iPhoneSimulator.Build.0 = Debug|Any CPU
		{CD516C92-059F-42FE-A6A3-2FB151AEF59B}.Debug|iPhoneSimulator.Deploy.0 = Debug|Any CPU
		{CD516C92-059F-42FE-A6A3-2FB151AEF59B}.Debug|x64.ActiveCfg = Debug|Any CPU
		{CD516C92-059F-42FE-A6A3-2FB151AEF59B}.Debug|x64.Build.0 = Debug|Any CPU
		{CD516C92-059F-42FE-A6A3-2FB151AEF59B}.Debug|x64.Deploy.0 = Debug|Any CPU
		{CD516C92-059F-42FE-A6A3-2FB151AEF59B}.Debug|x86.ActiveCfg = Debug|Any CPU
		{CD516C92-059F-42FE-A6A3-2FB151AEF59B}.Debug|x86.Build.0 = Debug|Any CPU
		{CD516C92-059F-42FE-A6A3-2FB151AEF59B}.Debug|x86.Deploy.0 = Debug|Any CPU
		{CD516C92-059F-42FE-A6A3-2FB151AEF59B}.Release|Any CPU.ActiveCfg = Release|Any CPU
		{CD516C92-059F-42FE-A6A3-2FB151AEF59B}.Release|Any CPU.Build.0 = Release|Any CPU
		{CD516C92-059F-42FE-A6A3-2FB151AEF59B}.Release|Any CPU.Deploy.0 = Release|Any CPU
		{CD516C92-059F-42FE-A6A3-2FB151AEF59B}.Release|ARM.ActiveCfg = Release|Any CPU
		{CD516C92-059F-42FE-A6A3-2FB151AEF59B}.Release|ARM.Build.0 = Release|Any CPU
		{CD516C92-059F-42FE-A6A3-2FB151AEF59B}.Release|ARM.Deploy.0 = Release|Any CPU
		{CD516C92-059F-42FE-A6A3-2FB151AEF59B}.Release|iPhone.ActiveCfg = Release|Any CPU
		{CD516C92-059F-42FE-A6A3-2FB151AEF59B}.Release|iPhone.Build.0 = Release|Any CPU
		{CD516C92-059F-42FE-A6A3-2FB151AEF59B}.Release|iPhone.Deploy.0 = Release|Any CPU
		{CD516C92-059F-42FE-A6A3-2FB151AEF59B}.Release|iPhoneSimulator.ActiveCfg = Release|Any CPU
		{CD516C92-059F-42FE-A6A3-2FB151AEF59B}.Release|iPhoneSimulator.Build.0 = Release|Any CPU
		{CD516C92-059F-42FE-A6A3-2FB151AEF59B}.Release|iPhoneSimulator.Deploy.0 = Release|Any CPU
		{CD516C92-059F-42FE-A6A3-2FB151AEF59B}.Release|x64.ActiveCfg = Release|Any CPU
		{CD516C92-059F-42FE-A6A3-2FB151AEF59B}.Release|x64.Build.0 = Release|Any CPU
		{CD516C92-059F-42FE-A6A3-2FB151AEF59B}.Release|x64.Deploy.0 = Release|Any CPU
		{CD516C92-059F-42FE-A6A3-2FB151AEF59B}.Release|x86.ActiveCfg = Release|Any CPU
		{CD516C92-059F-42FE-A6A3-2FB151AEF59B}.Release|x86.Build.0 = Release|Any CPU
		{CD516C92-059F-42FE-A6A3-2FB151AEF59B}.Release|x86.Deploy.0 = Release|Any CPU
	EndGlobalSection
	GlobalSection(SolutionProperties) = preSolution
		HideSolutionNode = FALSE
	EndGlobalSection
	GlobalSection(ExtensibilityGlobals) = postSolution
		SolutionGuid = {2D010F89-5DE9-4D0B-A33A-11FE8225883F}
	EndGlobalSection
EndGlobal
